
Microsoft Visual Studio Solution File, Format Version 12.00
# Visual Studio 15
VisualStudioVersion = 15.0.26228.9
MinimumVisualStudioVersion = 10.0.40219.1
Project("{FAE04EC0-301F-11D3-BF4B-00C04F79EFBC}") = "ClientOmConsoleApp", "ConsoleApp1\ClientOmConsoleApp.csproj", "{F7AC99CF-0972-4727-AC95-F537EF4EB4EA}"
EndProject
Global
	GlobalSection(SolutionConfigurationPlatforms) = preSolution
		Debug|Any CPU = Debug|Any CPU
		Release|Any CPU = Release|Any CPU
	EndGlobalSection
	GlobalSection(ProjectConfigurationPlatforms) = postSolution
		{F7AC99CF-0972-4727-AC95-F537EF4EB4EA}.Debug|Any CPU.ActiveCfg = Debug|Any CPU
		{F7AC99CF-0972-4727-AC95-F537EF4EB4EA}.Debug|Any CPU.Build.0 = Debug|Any CPU
		{F7AC99CF-0972-4727-AC95-F537EF4EB4EA}.Release|Any CPU.ActiveCfg = Release|Any CPU
		{F7AC99CF-0972-4727-AC95-F537EF4EB4EA}.Release|Any CPU.Build.0 = Release|Any CPU
	EndGlobalSection
	GlobalSection(SolutionProperties) = preSolution
		HideSolutionNode = FALSE
	EndGlobalSection
EndGlobal
