
Microsoft Visual Studio Solution File, Format Version 12.00
# Visual Studio Version 17
VisualStudioVersion = 17.4.33213.308
MinimumVisualStudioVersion = 10.0.40219.1
Project("{FAE04EC0-301F-11D3-BF4B-00C04F79EFBC}") = "AccountProviderSample", "AccountProviderSample\AccountProviderSample.csproj", "{3EE4CED9-4158-468C-9F88-1035CA95A92C}"
EndProject
Global
	GlobalSection(SolutionConfigurationPlatforms) = preSolution
		Debug|Any CPU = Debug|Any CPU
		Release|Any CPU = Release|Any CPU
	EndGlobalSection
	GlobalSection(ProjectConfigurationPlatforms) = postSolution
		{3EE4CED9-4158-468C-9F88-1035CA95A92C}.Debug|Any CPU.ActiveCfg = Debug|Any CPU
		{3EE4CED9-4158-468C-9F88-1035CA95A92C}.Debug|Any CPU.Build.0 = Debug|Any CPU
		{3EE4CED9-4158-468C-9F88-1035CA95A92C}.Release|Any CPU.ActiveCfg = Release|Any CPU
		{3EE4CED9-4158-468C-9F88-1035CA95A92C}.Release|Any CPU.Build.0 = Release|Any CPU
	EndGlobalSection
	GlobalSection(SolutionProperties) = preSolution
		HideSolutionNode = FALSE
	EndGlobalSection
	GlobalSection(ExtensibilityGlobals) = postSolution
		SolutionGuid = {44BC107C-DEA4-475C-A440-A57F48F818E1}
	EndGlobalSection
EndGlobal
