
Microsoft Visual Studio Solution File, Format Version 12.00
# Visual Studio Version 17
VisualStudioVersion = 17.4.33213.308
MinimumVisualStudioVersion = 10.0.40219.1
Project("{FAE04EC0-301F-11D3-BF4B-00C04F79EFBC}") = "OAuthWebSample", "OAuthWebSample\OAuthWebSample.csproj", "{6D848F3D-473F-45FD-8315-8FAB2F88815A}"
EndProject
Project("{2150E333-8FDC-42A3-9474-1A3956D46DE8}") = "PublishScripts", "PublishScripts", "{4D26F01F-9D2A-45AC-B807-53E66EC65B72}"
	ProjectSection(SolutionItems) = preProject
		PublishScripts\AzureWebAppPublishModule.psm1 = PublishScripts\AzureWebAppPublishModule.psm1
		PublishScripts\Publish-WebApplication.ps1 = PublishScripts\Publish-WebApplication.ps1
	EndProjectSection
EndProject
Project("{2150E333-8FDC-42A3-9474-1A3956D46DE8}") = "Configurations", "Configurations", "{F0D344B9-A8BE-4147-909F-3214E45204A1}"
	ProjectSection(SolutionItems) = preProject
		PublishScripts\Configurations\OAuthSample-WAWS-dev.json = PublishScripts\Configurations\OAuthSample-WAWS-dev.json
	EndProjectSection
EndProject
Project("{2150E333-8FDC-42A3-9474-1A3956D46DE8}") = "Solution Items", "Solution Items", "{9099F192-D034-4AB2-B628-EDB4B4C2BB81}"
	ProjectSection(SolutionItems) = preProject
		README.md = README.md
	EndProjectSection
EndProject
Global
	GlobalSection(SolutionConfigurationPlatforms) = preSolution
		Debug|Any CPU = Debug|Any CPU
		Release|Any CPU = Release|Any CPU
	EndGlobalSection
	GlobalSection(ProjectConfigurationPlatforms) = postSolution
		{6D848F3D-473F-45FD-8315-8FAB2F88815A}.Debug|Any CPU.ActiveCfg = Debug|Any CPU
		{6D848F3D-473F-45FD-8315-8FAB2F88815A}.Debug|Any CPU.Build.0 = Debug|Any CPU
		{6D848F3D-473F-45FD-8315-8FAB2F88815A}.Release|Any CPU.ActiveCfg = Release|Any CPU
		{6D848F3D-473F-45FD-8315-8FAB2F88815A}.Release|Any CPU.Build.0 = Release|Any CPU
	EndGlobalSection
	GlobalSection(SolutionProperties) = preSolution
		HideSolutionNode = FALSE
	EndGlobalSection
	GlobalSection(ExtensibilityGlobals) = postSolution
		SolutionGuid = {0348F5DD-66F1-4AA9-B291-FDEA2E19AC3A}
	EndGlobalSection
EndGlobal
